
Microsoft Visual Studio Solution File, Format Version 12.00
# Visual Studio Version 17
VisualStudioVersion = 17.8.34511.84
MinimumVisualStudioVersion = 10.0.40219.1
Project("{FAE04EC0-301F-11D3-BF4B-00C04F79EFBC}") = "Assignment1N01605244", "Assignment1N01605244\Assignment1N01605244.csproj", "{D977BC39-84BB-4514-AE47-DCF4F5405481}"
EndProject
Global
	GlobalSection(SolutionConfigurationPlatforms) = preSolution
		Debug|Any CPU = Debug|Any CPU
		Release|Any CPU = Release|Any CPU
	EndGlobalSection
	GlobalSection(ProjectConfigurationPlatforms) = postSolution
		{D977BC39-84BB-4514-AE47-DCF4F5405481}.Debug|Any CPU.ActiveCfg = Debug|Any CPU
		{D977BC39-84BB-4514-AE47-DCF4F5405481}.Debug|Any CPU.Build.0 = Debug|Any CPU
		{D977BC39-84BB-4514-AE47-DCF4F5405481}.Release|Any CPU.ActiveCfg = Release|Any CPU
		{D977BC39-84BB-4514-AE47-DCF4F5405481}.Release|Any CPU.Build.0 = Release|Any CPU
	EndGlobalSection
	GlobalSection(SolutionProperties) = preSolution
		HideSolutionNode = FALSE
	EndGlobalSection
	GlobalSection(ExtensibilityGlobals) = postSolution
		SolutionGuid = {00A2804F-3A60-4647-9839-111679D93350}
	EndGlobalSection
EndGlobal
